PODS:
  - Alamofire (4.9.1)
  - FSCalendar (2.8.1)
  - PanModal (1.2.7)
  - ScrollableGraphView (4.0.6)
  - SnapKit (5.0.1)
  - SwiftyXMLParser (5.0.0)

DEPENDENCIES:
  - Alamofire (~> 4.4)
  - FSCalendar
  - PanModal
  - ScrollableGraphView
  - SnapKit (~> 5.0.0)
  - SwiftyXMLParser

SPEC REPOS:
  trunk:
    - Alamofire
    - FSCalendar
    - PanModal
    - ScrollableGraphView
    - SnapKit
    - SwiftyXMLParser

SPEC CHECKSUMS:
  Alamofire: 85e8a02c69d6020a0d734f6054870d7ecb75cf18
  FSCalendar: 5245140456fcbcac5824c203b98bd8068bdfee1a
  PanModal: 3e16ead1a907fb06f4df3f13492fd00149fa4974
  ScrollableGraphView: 4af35d4ea9ecdec665d34a74da51da161ddff8ac
  SnapKit: 97b92857e3df3a0c71833cce143274bf6ef8e5eb
  SwiftyXMLParser: 5ebb8793192f403fa8cc691045143906122a7a75

PODFILE CHECKSUM: 4dea09e0fdaff8fdc725d8a9ecbf19bba6f1073a

COCOAPODS: 1.8.4
